{
  "requires": true,
  "lockfileVersion": 1,
  "dependencies": {
    "angular": {
      "version": "1.7.4",
      "resolved": "https://registry.npmjs.org/angular/-/angular-1.7.4.tgz",
      "integrity": "sha512-nYTWc9CpZjTY57l8EA1+DGpQNzI6HewQ34bfRYoGXBYysIoPYjfcgTGWC+Vl3AaeCnhAb3VTkysVESvCBpUIoA=="
    },
    "angular-animate": {
      "version": "1.7.4",
      "resolved": "https://registry.npmjs.org/angular-animate/-/angular-animate-1.7.4.tgz",
      "integrity": "sha512-9IzpAd39tzV6CL/kfNpkGFpVLHagHq8XpuCmPy+BfqwxzZOkCnSNtIJA0dfO0nKXg7j9UYGapboQeSuv+creSQ=="
    },
    "angular-aria": {
      "version": "1.7.4",
      "resolved": "https://registry.npmjs.org/angular-aria/-/angular-aria-1.7.4.tgz",
      "integrity": "sha512-nmZ7xjvVMm1PVEvJ360gJQqEF4FGRdTFWZtDOE4+uHGZZlVJeCEcsrnZCONX4qyK3rrRHUFSHZc1OV8+heGrhw=="
    },
    "angular-barcode": {
      "version": "2.0.1",
      "resolved": "https://registry.npmjs.org/angular-barcode/-/angular-barcode-2.0.1.tgz",
      "integrity": "sha1-of/JKk4C6HaOGxJuh8Fwt9hMQMI="
    },
    "angular-material": {
      "version": "1.1.10",
      "resolved": "https://registry.npmjs.org/angular-material/-/angular-material-1.1.10.tgz",
      "integrity": "sha512-LfBt5a1AVPbtsFzbmAyyZj90Gtc1U94OGtfMEauGzwsfqTnbH/y/9dtndH84N9S65wXkBoBe3VG6kfyoQSeCVw=="
    },
    "angular-messages": {
      "version": "1.7.4",
      "resolved": "https://registry.npmjs.org/angular-messages/-/angular-messages-1.7.4.tgz",
      "integrity": "sha512-Tw4DbtTm2O0BwJxWeJwX5mk2gDuGJM8I4aBWAqG3ci/pgQQWRMYo8JXTaZ1rzaEoYo7n5F2ruXaN8jlcbHcsQw=="
    },
    "angular-smart-table": {
      "version": "2.1.11",
      "resolved": "https://registry.npmjs.org/angular-smart-table/-/angular-smart-table-2.1.11.tgz",
      "integrity": "sha512-8ZSGygQqVBkpPDzb0382ujK1eOr8fnePXpzq+sUBkUsvRaEgMeY6VoFpWmg106472mD6oMNXIW9+VDQKllXa0w=="
    },
    "angular-swx-session-storage": {
      "version": "1.0.0",
      "resolved": "https://registry.npmjs.org/angular-swx-session-storage/-/angular-swx-session-storage-1.0.0.tgz",
      "integrity": "sha1-WQ/2fZ044lZs1uFCwfv2i9pO8yU=",
      "dev": true,
      "requires": {
        "angular": "~1.5"
      },
      "dependencies": {
        "angular": {
          "version": "1.5.11",
          "resolved": "https://registry.npmjs.org/angular/-/angular-1.5.11.tgz",
          "integrity": "sha1-jFunOG8VllyazzQp9ogVU6raMNY=",
          "dev": true
        }
      }
    },
    "moment": {
      "version": "2.22.2",
      "resolved": "https://registry.npmjs.org/moment/-/moment-2.22.2.tgz",
      "integrity": "sha1-PCV/mDn8DpP/UxSWMiOeuQeD/2Y="
    }
  }
}
